// !$*UTF8*$!
{
	archiveVersion = 1;
	classes = {
	};
	objectVersion = 48;
	objects = {

/* Begin PBXBuildFile section */
		CB215EDC203B8B68003C4A3C /* TabBarCoordinatorTests.swift in Sources */ = {isa = PBXBuildFile; fileRef = CB215EDB203B8B68003C4A3C /* TabBarCoordinatorTests.swift */; };
		CB215EDE203B8EB9003C4A3C /* SuperHeroCoordinatorTests.swift in Sources */ = {isa = PBXBuildFile; fileRef = CB215EDD203B8EB9003C4A3C /* SuperHeroCoordinatorTests.swift */; };
		CB215EE2203BA21F003C4A3C /* SuperHeroMock.swift in Sources */ = {isa = PBXBuildFile; fileRef = CB215EE1203BA21F003C4A3C /* SuperHeroMock.swift */; };
		CB215EE3203BA4BA003C4A3C /* SuperHero.swift in Sources */ = {isa = PBXBuildFile; fileRef = CBA7433B20332ABB000C4F61 /* SuperHero.swift */; };
		CB215EE4203BA579003C4A3C /* SummaryItem.swift in Sources */ = {isa = PBXBuildFile; fileRef = CBE368672037C25500408441 /* SummaryItem.swift */; };
		CB215EE5203BA57C003C4A3C /* Serie.swift in Sources */ = {isa = PBXBuildFile; fileRef = CBE3685F2037A01300408441 /* Serie.swift */; };
		CB215EE6203BA580003C4A3C /* Story.swift in Sources */ = {isa = PBXBuildFile; fileRef = CBE3685D2037A00300408441 /* Story.swift */; };
		CB215EE7203BA584003C4A3C /* Event.swift in Sources */ = {isa = PBXBuildFile; fileRef = CBE3685B20379FEE00408441 /* Event.swift */; };
		CB215EE8203BA587003C4A3C /* Comic.swift in Sources */ = {isa = PBXBuildFile; fileRef = CBE3685920379FDC00408441 /* Comic.swift */; };
		CB215EE9203BA58A003C4A3C /* CollectionItem.swift in Sources */ = {isa = PBXBuildFile; fileRef = CBE368652037B0E700408441 /* CollectionItem.swift */; };
		CB215EEA203BA58D003C4A3C /* Image.swift in Sources */ = {isa = PBXBuildFile; fileRef = CBA7433D20332B2A000C4F61 /* Image.swift */; };
		CB215EEB203BA599003C4A3C /* Mappable.swift in Sources */ = {isa = PBXBuildFile; fileRef = CBA7433F20344339000C4F61 /* Mappable.swift */; };
		CB215EF8203BB5E1003C4A3C /* SuperHeroModelTests.swift in Sources */ = {isa = PBXBuildFile; fileRef = CB215EF7203BB5E1003C4A3C /* SuperHeroModelTests.swift */; };
		CB215EFE203BBF17003C4A3C /* ModelTests.swift in Sources */ = {isa = PBXBuildFile; fileRef = CB215EFD203BBF17003C4A3C /* ModelTests.swift */; };
		CB215F00203BBF45003C4A3C /* ModelsMock.swift in Sources */ = {isa = PBXBuildFile; fileRef = CB215EFF203BBF45003C4A3C /* ModelsMock.swift */; };
		CB215F02203BC6A0003C4A3C /* SuperHeroViewModelTests.swift in Sources */ = {isa = PBXBuildFile; fileRef = CB215F01203BC6A0003C4A3C /* SuperHeroViewModelTests.swift */; };
		CB215F03203BD13A003C4A3C /* SuperHeroViewModelProtocol.swift in Sources */ = {isa = PBXBuildFile; fileRef = CB8FFD9A2039D99E00C9B5C6 /* SuperHeroViewModelProtocol.swift */; };
		CB5A45D7203512C10009F939 /* ImageRequest.swift in Sources */ = {isa = PBXBuildFile; fileRef = CB5A45D6203512C10009F939 /* ImageRequest.swift */; };
		CB8FFD9B2039D99E00C9B5C6 /* SuperHeroViewModelProtocol.swift in Sources */ = {isa = PBXBuildFile; fileRef = CB8FFD9A2039D99E00C9B5C6 /* SuperHeroViewModelProtocol.swift */; };
		CB8FFD9D2039E06D00C9B5C6 /* FavouriteSuperHeroViewModel.swift in Sources */ = {isa = PBXBuildFile; fileRef = CB8FFD9C2039E06D00C9B5C6 /* FavouriteSuperHeroViewModel.swift */; };
		CBA0D85420352B2D006AE73B /* SuperHeroDetailTableViewController.swift in Sources */ = {isa = PBXBuildFile; fileRef = CBA0D85320352B2D006AE73B /* SuperHeroDetailTableViewController.swift */; };
		CBA0D85620352B3B006AE73B /* SuperHeroDetail.storyboard in Resources */ = {isa = PBXBuildFile; fileRef = CBA0D85520352B3B006AE73B /* SuperHeroDetail.storyboard */; };
		CBA0D85B203537F6006AE73B /* SuperHeroDetailViewModel.swift in Sources */ = {isa = PBXBuildFile; fileRef = CBA0D85A203537F6006AE73B /* SuperHeroDetailViewModel.swift */; };
		CBA0D85D20354269006AE73B /* CharacterDetailRequest.swift in Sources */ = {isa = PBXBuildFile; fileRef = CBA0D85C20354269006AE73B /* CharacterDetailRequest.swift */; };
		CBA742E0202F13FC000C4F61 /* AppDelegate.swift in Sources */ = {isa = PBXBuildFile; fileRef = CBA742DF202F13FC000C4F61 /* AppDelegate.swift */; };
		CBA742EA202F13FC000C4F61 /* LaunchScreen.storyboard in Resources */ = {isa = PBXBuildFile; fileRef = CBA742E8202F13FC000C4F61 /* LaunchScreen.storyboard */; };
		CBA742F5202F13FC000C4F61 /* MarvelTests.swift in Sources */ = {isa = PBXBuildFile; fileRef = CBA742F4202F13FC000C4F61 /* MarvelTests.swift */; };
		CBA74300202F13FC000C4F61 /* MarvelUITests.swift in Sources */ = {isa = PBXBuildFile; fileRef = CBA742FF202F13FC000C4F61 /* MarvelUITests.swift */; };
		CBA743112030501D000C4F61 /* TabBarCoordinator.swift in Sources */ = {isa = PBXBuildFile; fileRef = CBA743102030501D000C4F61 /* TabBarCoordinator.swift */; };
		CBA74318203055AE000C4F61 /* SuperHeroCoordinator.swift in Sources */ = {isa = PBXBuildFile; fileRef = CBA74317203055AE000C4F61 /* SuperHeroCoordinator.swift */; };
		CBA7431A20305DAA000C4F61 /* SuperHeroTableViewController.swift in Sources */ = {isa = PBXBuildFile; fileRef = CBA7431920305DAA000C4F61 /* SuperHeroTableViewController.swift */; };
		CBA7431C20305DBE000C4F61 /* SuperHero.storyboard in Resources */ = {isa = PBXBuildFile; fileRef = CBA7431B20305DBE000C4F61 /* SuperHero.storyboard */; };
		CBA7431F2031ADE4000C4F61 /* Coordinator.swift in Sources */ = {isa = PBXBuildFile; fileRef = CBA7431E2031ADE4000C4F61 /* Coordinator.swift */; };
		CBA743212031AE45000C4F61 /* TabCoordinator.swift in Sources */ = {isa = PBXBuildFile; fileRef = CBA743202031AE45000C4F61 /* TabCoordinator.swift */; };
		CBA743232031B420000C4F61 /* SuperHeroViewModel.swift in Sources */ = {isa = PBXBuildFile; fileRef = CBA743222031B420000C4F61 /* SuperHeroViewModel.swift */; };
		CBA743262031BA45000C4F61 /* SuperHeroTableViewCell.swift in Sources */ = {isa = PBXBuildFile; fileRef = CBA743252031BA45000C4F61 /* SuperHeroTableViewCell.swift */; };
		CBA743282032EC8E000C4F61 /* Assets.xcassets in Resources */ = {isa = PBXBuildFile; fileRef = CBA743272032EC8E000C4F61 /* Assets.xcassets */; };
		CBA7432A2032F09A000C4F61 /* Network.swift in Sources */ = {isa = PBXBuildFile; fileRef = CBA743292032F09A000C4F61 /* Network.swift */; };
		CBA7432C2032F0AE000C4F61 /* Endpoint.swift in Sources */ = {isa = PBXBuildFile; fileRef = CBA7432B2032F0AE000C4F61 /* Endpoint.swift */; };
		CBA7432E2032F0EF000C4F61 /* Requestable.swift in Sources */ = {isa = PBXBuildFile; fileRef = CBA7432D2032F0EF000C4F61 /* Requestable.swift */; };
		CBA743302032F12C000C4F61 /* ServerError.swift in Sources */ = {isa = PBXBuildFile; fileRef = CBA7432F2032F12C000C4F61 /* ServerError.swift */; };
		CBA743332032F321000C4F61 /* CharactersRequest.swift in Sources */ = {isa = PBXBuildFile; fileRef = CBA743322032F321000C4F61 /* CharactersRequest.swift */; };
		CBA743362032FFD1000C4F61 /* NetworkHelper.swift in Sources */ = {isa = PBXBuildFile; fileRef = CBA743352032FFD1000C4F61 /* NetworkHelper.swift */; };
		CBA74338203304CF000C4F61 /* CharactersEndpoint.swift in Sources */ = {isa = PBXBuildFile; fileRef = CBA74337203304CF000C4F61 /* CharactersEndpoint.swift */; };
		CBA7433C20332ABB000C4F61 /* SuperHero.swift in Sources */ = {isa = PBXBuildFile; fileRef = CBA7433B20332ABB000C4F61 /* SuperHero.swift */; };
		CBA7433E20332B2A000C4F61 /* Image.swift in Sources */ = {isa = PBXBuildFile; fileRef = CBA7433D20332B2A000C4F61 /* Image.swift */; };
		CBA7434020344339000C4F61 /* Mappable.swift in Sources */ = {isa = PBXBuildFile; fileRef = CBA7433F20344339000C4F61 /* Mappable.swift */; };
		CBE3685320379D6200408441 /* SuperHeroDetailTableViewCell.swift in Sources */ = {isa = PBXBuildFile; fileRef = CBE3685220379D6200408441 /* SuperHeroDetailTableViewCell.swift */; };
		CBE3685A20379FDC00408441 /* Comic.swift in Sources */ = {isa = PBXBuildFile; fileRef = CBE3685920379FDC00408441 /* Comic.swift */; };
		CBE3685C20379FEE00408441 /* Event.swift in Sources */ = {isa = PBXBuildFile; fileRef = CBE3685B20379FEE00408441 /* Event.swift */; };
		CBE3685E2037A00300408441 /* Story.swift in Sources */ = {isa = PBXBuildFile; fileRef = CBE3685D2037A00300408441 /* Story.swift */; };
		CBE368602037A01300408441 /* Serie.swift in Sources */ = {isa = PBXBuildFile; fileRef = CBE3685F2037A01300408441 /* Serie.swift */; };
		CBE368622037AC6A00408441 /* LoadImageProtocol.swift in Sources */ = {isa = PBXBuildFile; fileRef = CBE368612037AC6A00408441 /* LoadImageProtocol.swift */; };
		CBE368642037ACE200408441 /* ImageHelper.swift in Sources */ = {isa = PBXBuildFile; fileRef = CBE368632037ACE200408441 /* ImageHelper.swift */; };
		CBE368662037B0E700408441 /* CollectionItem.swift in Sources */ = {isa = PBXBuildFile; fileRef = CBE368652037B0E700408441 /* CollectionItem.swift */; };
		CBE368682037C25500408441 /* SummaryItem.swift in Sources */ = {isa = PBXBuildFile; fileRef = CBE368672037C25500408441 /* SummaryItem.swift */; };
		CBE3686C20382E8300408441 /* GenericEndpoint.swift in Sources */ = {isa = PBXBuildFile; fileRef = CBE3686B20382E8300408441 /* GenericEndpoint.swift */; };
		CBE3686E20382F9B00408441 /* GenericRequest.swift in Sources */ = {isa = PBXBuildFile; fileRef = CBE3686D20382F9B00408441 /* GenericRequest.swift */; };
		CBE368702038675700408441 /* CollectionTableViewCell.swift in Sources */ = {isa = PBXBuildFile; fileRef = CBE3686F2038675700408441 /* CollectionTableViewCell.swift */; };
		CBE368752038878A00408441 /* LocalFileCache.swift in Sources */ = {isa = PBXBuildFile; fileRef = CBE368742038878A00408441 /* LocalFileCache.swift */; };
		CBE3687920388D2D00408441 /* CharacterSearchRequest.swift in Sources */ = {isa = PBXBuildFile; fileRef = CBE3687820388D2D00408441 /* CharacterSearchRequest.swift */; };
		CBE3687B20389B6800408441 /* LoadingManager.swift in Sources */ = {isa = PBXBuildFile; fileRef = CBE3687A20389B6800408441 /* LoadingManager.swift */; };
		CBFC6C7120366A6A001CA7E7 /* FavouriteSuperHeroCoordinator.swift in Sources */ = {isa = PBXBuildFile; fileRef = CBFC6C7020366A6A001CA7E7 /* FavouriteSuperHeroCoordinator.swift */; };
		CBFC6C7320366DDB001CA7E7 /* AppAppearance.swift in Sources */ = {isa = PBXBuildFile; fileRef = CBFC6C7220366DDB001CA7E7 /* AppAppearance.swift */; };
/* End PBXBuildFile section */

/* Begin PBXContainerItemProxy section */
		CBA742F1202F13FC000C4F61 /* PBXContainerItemProxy */ = {
			isa = PBXContainerItemProxy;
			containerPortal = CBA742D4202F13FC000C4F61 /* Project object */;
			proxyType = 1;
			remoteGlobalIDString = CBA742DB202F13FC000C4F61;
			remoteInfo = Marvel;
		};
		CBA742FC202F13FC000C4F61 /* PBXContainerItemProxy */ = {
			isa = PBXContainerItemProxy;
			containerPortal = CBA742D4202F13FC000C4F61 /* Project object */;
			proxyType = 1;
			remoteGlobalIDString = CBA742DB202F13FC000C4F61;
			remoteInfo = Marvel;
		};
/* End PBXContainerItemProxy section */

/* Begin PBXFileReference section */
		CB215EDB203B8B68003C4A3C /* TabBarCoordinatorTests.swift */ = {isa = PBXFileReference; lastKnownFileType = sourcecode.swift; path = TabBarCoordinatorTests.swift; sourceTree = "<group>"; };
		CB215EDD203B8EB9003C4A3C /* SuperHeroCoordinatorTests.swift */ = {isa = PBXFileReference; lastKnownFileType = sourcecode.swift; path = SuperHeroCoordinatorTests.swift; sourceTree = "<group>"; };
		CB215EE1203BA21F003C4A3C /* SuperHeroMock.swift */ = {isa = PBXFileReference; lastKnownFileType = sourcecode.swift; path = SuperHeroMock.swift; sourceTree = "<group>"; };
		CB215EF4203BA81E003C4A3C /* libapple_crypto.tbd */ = {isa = PBXFileReference; lastKnownFileType = "sourcecode.text-based-dylib-definition"; name = libapple_crypto.tbd; path = usr/lib/libapple_crypto.tbd; sourceTree = SDKROOT; };
		CB215EF7203BB5E1003C4A3C /* SuperHeroModelTests.swift */ = {isa = PBXFileReference; lastKnownFileType = sourcecode.swift; path = SuperHeroModelTests.swift; sourceTree = "<group>"; };
		CB215EFD203BBF17003C4A3C /* ModelTests.swift */ = {isa = PBXFileReference; lastKnownFileType = sourcecode.swift; path = ModelTests.swift; sourceTree = "<group>"; };
		CB215EFF203BBF45003C4A3C /* ModelsMock.swift */ = {isa = PBXFileReference; lastKnownFileType = sourcecode.swift; path = ModelsMock.swift; sourceTree = "<group>"; };
		CB215F01203BC6A0003C4A3C /* SuperHeroViewModelTests.swift */ = {isa = PBXFileReference; lastKnownFileType = sourcecode.swift; path = SuperHeroViewModelTests.swift; sourceTree = "<group>"; };
		CB5A45D6203512C10009F939 /* ImageRequest.swift */ = {isa = PBXFileReference; lastKnownFileType = sourcecode.swift; path = ImageRequest.swift; sourceTree = "<group>"; };
		CB8FFD9A2039D99E00C9B5C6 /* SuperHeroViewModelProtocol.swift */ = {isa = PBXFileReference; lastKnownFileType = sourcecode.swift; path = SuperHeroViewModelProtocol.swift; sourceTree = "<group>"; };
		CB8FFD9C2039E06D00C9B5C6 /* FavouriteSuperHeroViewModel.swift */ = {isa = PBXFileReference; lastKnownFileType = sourcecode.swift; path = FavouriteSuperHeroViewModel.swift; sourceTree = "<group>"; };
		CBA0D85320352B2D006AE73B /* SuperHeroDetailTableViewController.swift */ = {isa = PBXFileReference; lastKnownFileType = sourcecode.swift; path = SuperHeroDetailTableViewController.swift; sourceTree = "<group>"; };
		CBA0D85520352B3B006AE73B /* SuperHeroDetail.storyboard */ = {isa = PBXFileReference; lastKnownFileType = file.storyboard; path = SuperHeroDetail.storyboard; sourceTree = "<group>"; };
		CBA0D85A203537F6006AE73B /* SuperHeroDetailViewModel.swift */ = {isa = PBXFileReference; lastKnownFileType = sourcecode.swift; path = SuperHeroDetailViewModel.swift; sourceTree = "<group>"; };
		CBA0D85C20354269006AE73B /* CharacterDetailRequest.swift */ = {isa = PBXFileReference; lastKnownFileType = sourcecode.swift; path = CharacterDetailRequest.swift; sourceTree = "<group>"; };
		CBA742DC202F13FC000C4F61 /* Marvel.app */ = {isa = PBXFileReference; explicitFileType = wrapper.application; includeInIndex = 0; path = Marvel.app; sourceTree = BUILT_PRODUCTS_DIR; };
		CBA742DF202F13FC000C4F61 /* AppDelegate.swift */ = {isa = PBXFileReference; lastKnownFileType = sourcecode.swift; path = AppDelegate.swift; sourceTree = "<group>"; };
		CBA742E9202F13FC000C4F61 /* Base */ = {isa = PBXFileReference; lastKnownFileType = file.storyboard; name = Base; path = Base.lproj/LaunchScreen.storyboard; sourceTree = "<group>"; };
		CBA742EB202F13FC000C4F61 /* Info.plist */ = {isa = PBXFileReference; lastKnownFileType = text.plist.xml; path = Info.plist; sourceTree = "<group>"; };
		CBA742F0202F13FC000C4F61 /* MarvelTests.xctest */ = {isa = PBXFileReference; explicitFileType = wrapper.cfbundle; includeInIndex = 0; path = MarvelTests.xctest; sourceTree = BUILT_PRODUCTS_DIR; };
		CBA742F4202F13FC000C4F61 /* MarvelTests.swift */ = {isa = PBXFileReference; lastKnownFileType = sourcecode.swift; path = MarvelTests.swift; sourceTree = "<group>"; };
		CBA742F6202F13FC000C4F61 /* Info.plist */ = {isa = PBXFileReference; lastKnownFileType = text.plist.xml; path = Info.plist; sourceTree = "<group>"; };
		CBA742FB202F13FC000C4F61 /* MarvelUITests.xctest */ = {isa = PBXFileReference; explicitFileType = wrapper.cfbundle; includeInIndex = 0; path = MarvelUITests.xctest; sourceTree = BUILT_PRODUCTS_DIR; };
		CBA742FF202F13FC000C4F61 /* MarvelUITests.swift */ = {isa = PBXFileReference; lastKnownFileType = sourcecode.swift; path = MarvelUITests.swift; sourceTree = "<group>"; };
		CBA74301202F13FC000C4F61 /* Info.plist */ = {isa = PBXFileReference; lastKnownFileType = text.plist.xml; path = Info.plist; sourceTree = "<group>"; };
		CBA743102030501D000C4F61 /* TabBarCoordinator.swift */ = {isa = PBXFileReference; lastKnownFileType = sourcecode.swift; path = TabBarCoordinator.swift; sourceTree = "<group>"; };
		CBA74317203055AE000C4F61 /* SuperHeroCoordinator.swift */ = {isa = PBXFileReference; lastKnownFileType = sourcecode.swift; path = SuperHeroCoordinator.swift; sourceTree = "<group>"; };
		CBA7431920305DAA000C4F61 /* SuperHeroTableViewController.swift */ = {isa = PBXFileReference; lastKnownFileType = sourcecode.swift; path = SuperHeroTableViewController.swift; sourceTree = "<group>"; };
		CBA7431B20305DBE000C4F61 /* SuperHero.storyboard */ = {isa = PBXFileReference; lastKnownFileType = file.storyboard; path = SuperHero.storyboard; sourceTree = "<group>"; };
		CBA7431E2031ADE4000C4F61 /* Coordinator.swift */ = {isa = PBXFileReference; lastKnownFileType = sourcecode.swift; path = Coordinator.swift; sourceTree = "<group>"; };
		CBA743202031AE45000C4F61 /* TabCoordinator.swift */ = {isa = PBXFileReference; lastKnownFileType = sourcecode.swift; path = TabCoordinator.swift; sourceTree = "<group>"; };
		CBA743222031B420000C4F61 /* SuperHeroViewModel.swift */ = {isa = PBXFileReference; lastKnownFileType = sourcecode.swift; path = SuperHeroViewModel.swift; sourceTree = "<group>"; };
		CBA743252031BA45000C4F61 /* SuperHeroTableViewCell.swift */ = {isa = PBXFileReference; lastKnownFileType = sourcecode.swift; path = SuperHeroTableViewCell.swift; sourceTree = "<group>"; };
		CBA743272032EC8E000C4F61 /* Assets.xcassets */ = {isa = PBXFileReference; lastKnownFileType = folder.assetcatalog; path = Assets.xcassets; sourceTree = "<group>"; };
		CBA743292032F09A000C4F61 /* Network.swift */ = {isa = PBXFileReference; lastKnownFileType = sourcecode.swift; path = Network.swift; sourceTree = "<group>"; };
		CBA7432B2032F0AE000C4F61 /* Endpoint.swift */ = {isa = PBXFileReference; lastKnownFileType = sourcecode.swift; path = Endpoint.swift; sourceTree = "<group>"; };
		CBA7432D2032F0EF000C4F61 /* Requestable.swift */ = {isa = PBXFileReference; lastKnownFileType = sourcecode.swift; path = Requestable.swift; sourceTree = "<group>"; };
		CBA7432F2032F12C000C4F61 /* ServerError.swift */ = {isa = PBXFileReference; lastKnownFileType = sourcecode.swift; path = ServerError.swift; sourceTree = "<group>"; };
		CBA743322032F321000C4F61 /* CharactersRequest.swift */ = {isa = PBXFileReference; lastKnownFileType = sourcecode.swift; path = CharactersRequest.swift; sourceTree = "<group>"; };
		CBA743352032FFD1000C4F61 /* NetworkHelper.swift */ = {isa = PBXFileReference; lastKnownFileType = sourcecode.swift; path = NetworkHelper.swift; sourceTree = "<group>"; };
		CBA74337203304CF000C4F61 /* CharactersEndpoint.swift */ = {isa = PBXFileReference; lastKnownFileType = sourcecode.swift; path = CharactersEndpoint.swift; sourceTree = "<group>"; };
		CBA74339203311B2000C4F61 /* Marvel-Bridging-Header.h */ = {isa = PBXFileReference; lastKnownFileType = sourcecode.c.h; path = "Marvel-Bridging-Header.h"; sourceTree = "<group>"; };
		CBA7433B20332ABB000C4F61 /* SuperHero.swift */ = {isa = PBXFileReference; lastKnownFileType = sourcecode.swift; path = SuperHero.swift; sourceTree = "<group>"; };
		CBA7433D20332B2A000C4F61 /* Image.swift */ = {isa = PBXFileReference; lastKnownFileType = sourcecode.swift; path = Image.swift; sourceTree = "<group>"; };
		CBA7433F20344339000C4F61 /* Mappable.swift */ = {isa = PBXFileReference; lastKnownFileType = sourcecode.swift; path = Mappable.swift; sourceTree = "<group>"; };
		CBE3685220379D6200408441 /* SuperHeroDetailTableViewCell.swift */ = {isa = PBXFileReference; lastKnownFileType = sourcecode.swift; path = SuperHeroDetailTableViewCell.swift; sourceTree = "<group>"; };
		CBE3685920379FDC00408441 /* Comic.swift */ = {isa = PBXFileReference; lastKnownFileType = sourcecode.swift; path = Comic.swift; sourceTree = "<group>"; };
		CBE3685B20379FEE00408441 /* Event.swift */ = {isa = PBXFileReference; lastKnownFileType = sourcecode.swift; path = Event.swift; sourceTree = "<group>"; };
		CBE3685D2037A00300408441 /* Story.swift */ = {isa = PBXFileReference; lastKnownFileType = sourcecode.swift; path = Story.swift; sourceTree = "<group>"; };
		CBE3685F2037A01300408441 /* Serie.swift */ = {isa = PBXFileReference; lastKnownFileType = sourcecode.swift; path = Serie.swift; sourceTree = "<group>"; };
		CBE368612037AC6A00408441 /* LoadImageProtocol.swift */ = {isa = PBXFileReference; lastKnownFileType = sourcecode.swift; path = LoadImageProtocol.swift; sourceTree = "<group>"; };
		CBE368632037ACE200408441 /* ImageHelper.swift */ = {isa = PBXFileReference; lastKnownFileType = sourcecode.swift; path = ImageHelper.swift; sourceTree = "<group>"; };
		CBE368652037B0E700408441 /* CollectionItem.swift */ = {isa = PBXFileReference; lastKnownFileType = sourcecode.swift; path = CollectionItem.swift; sourceTree = "<group>"; };
		CBE368672037C25500408441 /* SummaryItem.swift */ = {isa = PBXFileReference; lastKnownFileType = sourcecode.swift; path = SummaryItem.swift; sourceTree = "<group>"; };
		CBE3686B20382E8300408441 /* GenericEndpoint.swift */ = {isa = PBXFileReference; lastKnownFileType = sourcecode.swift; path = GenericEndpoint.swift; sourceTree = "<group>"; };
		CBE3686D20382F9B00408441 /* GenericRequest.swift */ = {isa = PBXFileReference; lastKnownFileType = sourcecode.swift; path = GenericRequest.swift; sourceTree = "<group>"; };
		CBE3686F2038675700408441 /* CollectionTableViewCell.swift */ = {isa = PBXFileReference; lastKnownFileType = sourcecode.swift; name = CollectionTableViewCell.swift; path = Marvel/SuperHerous/Details/CollectionTableViewCell.swift; sourceTree = SOURCE_ROOT; };
		CBE368742038878A00408441 /* LocalFileCache.swift */ = {isa = PBXFileReference; lastKnownFileType = sourcecode.swift; path = LocalFileCache.swift; sourceTree = "<group>"; };
		CBE3687820388D2D00408441 /* CharacterSearchRequest.swift */ = {isa = PBXFileReference; lastKnownFileType = sourcecode.swift; path = CharacterSearchRequest.swift; sourceTree = "<group>"; };
		CBE3687A20389B6800408441 /* LoadingManager.swift */ = {isa = PBXFileReference; lastKnownFileType = sourcecode.swift; path = LoadingManager.swift; sourceTree = "<group>"; };
		CBFC6C7020366A6A001CA7E7 /* FavouriteSuperHeroCoordinator.swift */ = {isa = PBXFileReference; lastKnownFileType = sourcecode.swift; path = FavouriteSuperHeroCoordinator.swift; sourceTree = "<group>"; };
		CBFC6C7220366DDB001CA7E7 /* AppAppearance.swift */ = {isa = PBXFileReference; lastKnownFileType = sourcecode.swift; path = AppAppearance.swift; sourceTree = "<group>"; };
/* End PBXFileReference section */

/* Begin PBXFrameworksBuildPhase section */
		CBA742D9202F13FC000C4F61 /* Frameworks */ = {
			isa = PBXFrameworksBuildPhase;
			buildActionMask = 2147483647;
			files = (
			);
			runOnlyForDeploymentPostprocessing = 0;
		};
		CBA742ED202F13FC000C4F61 /* Frameworks */ = {
			isa = PBXFrameworksBuildPhase;
			buildActionMask = 2147483647;
			files = (
			);
			runOnlyForDeploymentPostprocessing = 0;
		};
		CBA742F8202F13FC000C4F61 /* Frameworks */ = {
			isa = PBXFrameworksBuildPhase;
			buildActionMask = 2147483647;
			files = (
			);
			runOnlyForDeploymentPostprocessing = 0;
		};
/* End PBXFrameworksBuildPhase section */

/* Begin PBXGroup section */
		CB215EDF203BA07D003C4A3C /* Resources */ = {
			isa = PBXGroup;
			children = (
			);
			path = Resources;
			sourceTree = "<group>";
		};
		CB215EE0203BA207003C4A3C /* Mock */ = {
			isa = PBXGroup;
			children = (
				CB215EE1203BA21F003C4A3C /* SuperHeroMock.swift */,
				CB215EFF203BBF45003C4A3C /* ModelsMock.swift */,
			);
			path = Mock;
			sourceTree = "<group>";
		};
		CB215EF3203BA81E003C4A3C /* Frameworks */ = {
			isa = PBXGroup;
			children = (
				CB215EF4203BA81E003C4A3C /* libapple_crypto.tbd */,
			);
			name = Frameworks;
			sourceTree = "<group>";
		};
		CBA0D85220352AE8006AE73B /* Details */ = {
			isa = PBXGroup;
			children = (
				CBA0D85520352B3B006AE73B /* SuperHeroDetail.storyboard */,
				CBA0D85320352B2D006AE73B /* SuperHeroDetailTableViewController.swift */,
				CBA0D85A203537F6006AE73B /* SuperHeroDetailViewModel.swift */,
				CBE3685220379D6200408441 /* SuperHeroDetailTableViewCell.swift */,
				CBE3686F2038675700408441 /* CollectionTableViewCell.swift */,
			);
			path = Details;
			sourceTree = "<group>";
		};
		CBA0D85720352B48006AE73B /* List */ = {
			isa = PBXGroup;
			children = (
				CBA7431B20305DBE000C4F61 /* SuperHero.storyboard */,
				CBA7431920305DAA000C4F61 /* SuperHeroTableViewController.swift */,
				CBA743222031B420000C4F61 /* SuperHeroViewModel.swift */,
				CBA743252031BA45000C4F61 /* SuperHeroTableViewCell.swift */,
			);
			path = List;
			sourceTree = "<group>";
		};
		CBA742D3202F13FC000C4F61 = {
			isa = PBXGroup;
			children = (
				CBA742DE202F13FC000C4F61 /* Marvel */,
				CBA742F3202F13FC000C4F61 /* MarvelTests */,
				CBA742FE202F13FC000C4F61 /* MarvelUITests */,
				CBA742DD202F13FC000C4F61 /* Products */,
				CB215EF3203BA81E003C4A3C /* Frameworks */,
			);
			sourceTree = "<group>";
		};
		CBA742DD202F13FC000C4F61 /* Products */ = {
			isa = PBXGroup;
			children = (
				CBA742DC202F13FC000C4F61 /* Marvel.app */,
				CBA742F0202F13FC000C4F61 /* MarvelTests.xctest */,
				CBA742FB202F13FC000C4F61 /* MarvelUITests.xctest */,
			);
			name = Products;
			sourceTree = "<group>";
		};
		CBA742DE202F13FC000C4F61 /* Marvel */ = {
			isa = PBXGroup;
			children = (
				CBA74339203311B2000C4F61 /* Marvel-Bridging-Header.h */,
				CBA742DF202F13FC000C4F61 /* AppDelegate.swift */,
				CBA743272032EC8E000C4F61 /* Assets.xcassets */,
				CBA742E8202F13FC000C4F61 /* LaunchScreen.storyboard */,
				CBA742EB202F13FC000C4F61 /* Info.plist */,
				CBA743342032FF0E000C4F61 /* Utilities */,
				CBA7431D2031ADBD000C4F61 /* Protocols */,
				CBA7433A20332A9E000C4F61 /* Model */,
				CBA743242031B4EE000C4F61 /* Network */,
				CBE368732038870F00408441 /* Persistence */,
				CBA7430F20304FCD000C4F61 /* TabBarController */,
				CBA743142030537D000C4F61 /* SuperHerous */,
				CBA743152030539C000C4F61 /* Favourite */,
				CBA74316203053DF000C4F61 /* Search */,
			);
			path = Marvel;
			sourceTree = "<group>";
		};
		CBA742F3202F13FC000C4F61 /* MarvelTests */ = {
			isa = PBXGroup;
			children = (
				CB215EE0203BA207003C4A3C /* Mock */,
				CB215EDF203BA07D003C4A3C /* Resources */,
				CBA742F4202F13FC000C4F61 /* MarvelTests.swift */,
				CBA742F6202F13FC000C4F61 /* Info.plist */,
				CB215EDB203B8B68003C4A3C /* TabBarCoordinatorTests.swift */,
				CB215EDD203B8EB9003C4A3C /* SuperHeroCoordinatorTests.swift */,
				CB215EF7203BB5E1003C4A3C /* SuperHeroModelTests.swift */,
				CB215EFD203BBF17003C4A3C /* ModelTests.swift */,
				CB215F01203BC6A0003C4A3C /* SuperHeroViewModelTests.swift */,
			);
			path = MarvelTests;
			sourceTree = "<group>";
		};
		CBA742FE202F13FC000C4F61 /* MarvelUITests */ = {
			isa = PBXGroup;
			children = (
				CBA742FF202F13FC000C4F61 /* MarvelUITests.swift */,
				CBA74301202F13FC000C4F61 /* Info.plist */,
			);
			path = MarvelUITests;
			sourceTree = "<group>";
		};
		CBA7430F20304FCD000C4F61 /* TabBarController */ = {
			isa = PBXGroup;
			children = (
				CBA743102030501D000C4F61 /* TabBarCoordinator.swift */,
			);
			path = TabBarController;
			sourceTree = "<group>";
		};
		CBA743142030537D000C4F61 /* SuperHerous */ = {
			isa = PBXGroup;
			children = (
				CBA74317203055AE000C4F61 /* SuperHeroCoordinator.swift */,
				CB8FFD9A2039D99E00C9B5C6 /* SuperHeroViewModelProtocol.swift */,
				CBA0D85720352B48006AE73B /* List */,
				CBA0D85220352AE8006AE73B /* Details */,
			);
			path = SuperHerous;
			sourceTree = "<group>";
		};
		CBA743152030539C000C4F61 /* Favourite */ = {
			isa = PBXGroup;
			children = (
				CBFC6C7020366A6A001CA7E7 /* FavouriteSuperHeroCoordinator.swift */,
				CB8FFD9C2039E06D00C9B5C6 /* FavouriteSuperHeroViewModel.swift */,
			);
			path = Favourite;
			sourceTree = "<group>";
		};
		CBA74316203053DF000C4F61 /* Search */ = {
			isa = PBXGroup;
			children = (
			);
			path = Search;
			sourceTree = "<group>";
		};
		CBA7431D2031ADBD000C4F61 /* Protocols */ = {
			isa = PBXGroup;
			children = (
				CBA7431E2031ADE4000C4F61 /* Coordinator.swift */,
				CBA743202031AE45000C4F61 /* TabCoordinator.swift */,
				CBA7432D2032F0EF000C4F61 /* Requestable.swift */,
				CBE368612037AC6A00408441 /* LoadImageProtocol.swift */,
			);
			path = Protocols;
			sourceTree = "<group>";
		};
		CBA743242031B4EE000C4F61 /* Network */ = {
			isa = PBXGroup;
			children = (
				CBA743312032F2D0000C4F61 /* Request */,
				CBA743292032F09A000C4F61 /* Network.swift */,
				CBA7432B2032F0AE000C4F61 /* Endpoint.swift */,
				CBA7432F2032F12C000C4F61 /* ServerError.swift */,
				CBA7433F20344339000C4F61 /* Mappable.swift */,
			);
			path = Network;
			sourceTree = "<group>";
		};
		CBA743312032F2D0000C4F61 /* Request */ = {
			isa = PBXGroup;
			children = (
				CBA74337203304CF000C4F61 /* CharactersEndpoint.swift */,
				CBA743322032F321000C4F61 /* CharactersRequest.swift */,
				CBA0D85C20354269006AE73B /* CharacterDetailRequest.swift */,
				CB5A45D6203512C10009F939 /* ImageRequest.swift */,
				CBE3686B20382E8300408441 /* GenericEndpoint.swift */,
				CBE3686D20382F9B00408441 /* GenericRequest.swift */,
				CBE3687820388D2D00408441 /* CharacterSearchRequest.swift */,
			);
			path = Request;
			sourceTree = "<group>";
		};
		CBA743342032FF0E000C4F61 /* Utilities */ = {
			isa = PBXGroup;
			children = (
				CBA743352032FFD1000C4F61 /* NetworkHelper.swift */,
				CBFC6C7220366DDB001CA7E7 /* AppAppearance.swift */,
				CBE368632037ACE200408441 /* ImageHelper.swift */,
				CBE3687A20389B6800408441 /* LoadingManager.swift */,
			);
			path = Utilities;
			sourceTree = "<group>";
		};
		CBA7433A20332A9E000C4F61 /* Model */ = {
			isa = PBXGroup;
			children = (
				CBA7433B20332ABB000C4F61 /* SuperHero.swift */,
				CBA7433D20332B2A000C4F61 /* Image.swift */,
				CBE368652037B0E700408441 /* CollectionItem.swift */,
				CBE3685920379FDC00408441 /* Comic.swift */,
				CBE3685B20379FEE00408441 /* Event.swift */,
				CBE3685D2037A00300408441 /* Story.swift */,
				CBE3685F2037A01300408441 /* Serie.swift */,
				CBE368672037C25500408441 /* SummaryItem.swift */,
			);
			path = Model;
			sourceTree = "<group>";
		};
		CBE368732038870F00408441 /* Persistence */ = {
			isa = PBXGroup;
			children = (
				CBE368742038878A00408441 /* LocalFileCache.swift */,
			);
			path = Persistence;
			sourceTree = "<group>";
		};
/* End PBXGroup section */

/* Begin PBXNativeTarget section */
		CBA742DB202F13FC000C4F61 /* Marvel */ = {
			isa = PBXNativeTarget;
			buildConfigurationList = CBA74304202F13FC000C4F61 /* Build configuration list for PBXNativeTarget "Marvel" */;
			buildPhases = (
				CBA742D8202F13FC000C4F61 /* Sources */,
				CBA742D9202F13FC000C4F61 /* Frameworks */,
				CBA742DA202F13FC000C4F61 /* Resources */,
			);
			buildRules = (
			);
			dependencies = (
			);
			name = Marvel;
			productName = Marvel;
			productReference = CBA742DC202F13FC000C4F61 /* Marvel.app */;
			productType = "com.apple.product-type.application";
		};
		CBA742EF202F13FC000C4F61 /* MarvelTests */ = {
			isa = PBXNativeTarget;
			buildConfigurationList = CBA74307202F13FC000C4F61 /* Build configuration list for PBXNativeTarget "MarvelTests" */;
			buildPhases = (
				CBA742EC202F13FC000C4F61 /* Sources */,
				CBA742ED202F13FC000C4F61 /* Frameworks */,
				CBA742EE202F13FC000C4F61 /* Resources */,
			);
			buildRules = (
			);
			dependencies = (
				CBA742F2202F13FC000C4F61 /* PBXTargetDependency */,
			);
			name = MarvelTests;
			productName = MarvelTests;
			productReference = CBA742F0202F13FC000C4F61 /* MarvelTests.xctest */;
			productType = "com.apple.product-type.bundle.unit-test";
		};
		CBA742FA202F13FC000C4F61 /* MarvelUITests */ = {
			isa = PBXNativeTarget;
			buildConfigurationList = CBA7430A202F13FC000C4F61 /* Build configuration list for PBXNativeTarget "MarvelUITests" */;
			buildPhases = (
				CBA742F7202F13FC000C4F61 /* Sources */,
				CBA742F8202F13FC000C4F61 /* Frameworks */,
				CBA742F9202F13FC000C4F61 /* Resources */,
			);
			buildRules = (
			);
			dependencies = (
				CBA742FD202F13FC000C4F61 /* PBXTargetDependency */,
			);
			name = MarvelUITests;
			productName = MarvelUITests;
			productReference = CBA742FB202F13FC000C4F61 /* MarvelUITests.xctest */;
			productType = "com.apple.product-type.bundle.ui-testing";
		};
/* End PBXNativeTarget section */

/* Begin PBXProject section */
		CBA742D4202F13FC000C4F61 /* Project object */ = {
			isa = PBXProject;
			attributes = {
				LastSwiftUpdateCheck = 0920;
				LastUpgradeCheck = 0920;
				ORGANIZATIONNAME = thales.garcia;
				TargetAttributes = {
					CBA742DB202F13FC000C4F61 = {
						CreatedOnToolsVersion = 9.2;
						ProvisioningStyle = Automatic;
					};
					CBA742EF202F13FC000C4F61 = {
						CreatedOnToolsVersion = 9.2;
						ProvisioningStyle = Automatic;
						TestTargetID = CBA742DB202F13FC000C4F61;
					};
					CBA742FA202F13FC000C4F61 = {
						CreatedOnToolsVersion = 9.2;
						ProvisioningStyle = Automatic;
						TestTargetID = CBA742DB202F13FC000C4F61;
					};
				};
			};
			buildConfigurationList = CBA742D7202F13FC000C4F61 /* Build configuration list for PBXProject "Marvel" */;
			compatibilityVersion = "Xcode 8.0";
			developmentRegion = en;
			hasScannedForEncodings = 0;
			knownRegions = (
				en,
				Base,
			);
			mainGroup = CBA742D3202F13FC000C4F61;
			productRefGroup = CBA742DD202F13FC000C4F61 /* Products */;
			projectDirPath = "";
			projectRoot = "";
			targets = (
				CBA742DB202F13FC000C4F61 /* Marvel */,
				CBA742EF202F13FC000C4F61 /* MarvelTests */,
				CBA742FA202F13FC000C4F61 /* MarvelUITests */,
			);
		};
/* End PBXProject section */

/* Begin PBXResourcesBuildPhase section */
		CBA742DA202F13FC000C4F61 /* Resources */ = {
			isa = PBXResourcesBuildPhase;
			buildActionMask = 2147483647;
			files = (
				CBA7431C20305DBE000C4F61 /* SuperHero.storyboard in Resources */,
				CBA742EA202F13FC000C4F61 /* LaunchScreen.storyboard in Resources */,
				CBA743282032EC8E000C4F61 /* Assets.xcassets in Resources */,
				CBA0D85620352B3B006AE73B /* SuperHeroDetail.storyboard in Resources */,
			);
			runOnlyForDeploymentPostprocessing = 0;
		};
		CBA742EE202F13FC000C4F61 /* Resources */ = {
			isa = PBXResourcesBuildPhase;
			buildActionMask = 2147483647;
			files = (
			);
			runOnlyForDeploymentPostprocessing = 0;
		};
		CBA742F9202F13FC000C4F61 /* Resources */ = {
			isa = PBXResourcesBuildPhase;
			buildActionMask = 2147483647;
			files = (
			);
			runOnlyForDeploymentPostprocessing = 0;
		};
/* End PBXResourcesBuildPhase section */

/* Begin PBXSourcesBuildPhase section */
		CBA742D8202F13FC000C4F61 /* Sources */ = {
			isa = PBXSourcesBuildPhase;
			buildActionMask = 2147483647;
			files = (
				CBE3687B20389B6800408441 /* LoadingManager.swift in Sources */,
				CBFC6C7120366A6A001CA7E7 /* FavouriteSuperHeroCoordinator.swift in Sources */,
				CBE368752038878A00408441 /* LocalFileCache.swift in Sources */,
				CBA0D85D20354269006AE73B /* CharacterDetailRequest.swift in Sources */,
				CBE368702038675700408441 /* CollectionTableViewCell.swift in Sources */,
				CBA7431F2031ADE4000C4F61 /* Coordinator.swift in Sources */,
				CBE3686C20382E8300408441 /* GenericEndpoint.swift in Sources */,
				CBFC6C7320366DDB001CA7E7 /* AppAppearance.swift in Sources */,
				CBA743262031BA45000C4F61 /* SuperHeroTableViewCell.swift in Sources */,
				CBA743212031AE45000C4F61 /* TabCoordinator.swift in Sources */,
				CBE368642037ACE200408441 /* ImageHelper.swift in Sources */,
				CBA74318203055AE000C4F61 /* SuperHeroCoordinator.swift in Sources */,
				CBE3685E2037A00300408441 /* Story.swift in Sources */,
				CBE3685A20379FDC00408441 /* Comic.swift in Sources */,
				CBA743232031B420000C4F61 /* SuperHeroViewModel.swift in Sources */,
				CBA0D85420352B2D006AE73B /* SuperHeroDetailTableViewController.swift in Sources */,
				CBA7433C20332ABB000C4F61 /* SuperHero.swift in Sources */,
				CBA0D85B203537F6006AE73B /* SuperHeroDetailViewModel.swift in Sources */,
				CBE3685C20379FEE00408441 /* Event.swift in Sources */,
				CBE3685320379D6200408441 /* SuperHeroDetailTableViewCell.swift in Sources */,
				CB8FFD9B2039D99E00C9B5C6 /* SuperHeroViewModelProtocol.swift in Sources */,
				CBA74338203304CF000C4F61 /* CharactersEndpoint.swift in Sources */,
				CBE368602037A01300408441 /* Serie.swift in Sources */,
				CBE3686E20382F9B00408441 /* GenericRequest.swift in Sources */,
				CBA7432A2032F09A000C4F61 /* Network.swift in Sources */,
				CBA743112030501D000C4F61 /* TabBarCoordinator.swift in Sources */,
				CBA743362032FFD1000C4F61 /* NetworkHelper.swift in Sources */,
				CB8FFD9D2039E06D00C9B5C6 /* FavouriteSuperHeroViewModel.swift in Sources */,
				CBE368622037AC6A00408441 /* LoadImageProtocol.swift in Sources */,
				CBA7434020344339000C4F61 /* Mappable.swift in Sources */,
				CBE368662037B0E700408441 /* CollectionItem.swift in Sources */,
				CBA7431A20305DAA000C4F61 /* SuperHeroTableViewController.swift in Sources */,
				CBA7433E20332B2A000C4F61 /* Image.swift in Sources */,
				CBA7432E2032F0EF000C4F61 /* Requestable.swift in Sources */,
				CBA743332032F321000C4F61 /* CharactersRequest.swift in Sources */,
				CBA7432C2032F0AE000C4F61 /* Endpoint.swift in Sources */,
				CBE368682037C25500408441 /* SummaryItem.swift in Sources */,
				CBA742E0202F13FC000C4F61 /* AppDelegate.swift in Sources */,
				CB5A45D7203512C10009F939 /* ImageRequest.swift in Sources */,
				CBA743302032F12C000C4F61 /* ServerError.swift in Sources */,
				CBE3687920388D2D00408441 /* CharacterSearchRequest.swift in Sources */,
			);
			runOnlyForDeploymentPostprocessing = 0;
		};
		CBA742EC202F13FC000C4F61 /* Sources */ = {
			isa = PBXSourcesBuildPhase;
			buildActionMask = 2147483647;
			files = (
				CB215EE3203BA4BA003C4A3C /* SuperHero.swift in Sources */,
				CB215EEA203BA58D003C4A3C /* Image.swift in Sources */,
				CB215EE9203BA58A003C4A3C /* CollectionItem.swift in Sources */,
				CB215EF8203BB5E1003C4A3C /* SuperHeroModelTests.swift in Sources */,
				CB215F03203BD13A003C4A3C /* SuperHeroViewModelProtocol.swift in Sources */,
				CB215EE7203BA584003C4A3C /* Event.swift in Sources */,
				CB215EDC203B8B68003C4A3C /* TabBarCoordinatorTests.swift in Sources */,
				CB215EFE203BBF17003C4A3C /* ModelTests.swift in Sources */,
				CB215F02203BC6A0003C4A3C /* SuperHeroViewModelTests.swift in Sources */,
				CB215EDE203B8EB9003C4A3C /* SuperHeroCoordinatorTests.swift in Sources */,
				CB215EE4203BA579003C4A3C /* SummaryItem.swift in Sources */,
				CB215F00203BBF45003C4A3C /* ModelsMock.swift in Sources */,
				CB215EEB203BA599003C4A3C /* Mappable.swift in Sources */,
				CB215EE5203BA57C003C4A3C /* Serie.swift in Sources */,
				CBA742F5202F13FC000C4F61 /* MarvelTests.swift in Sources */,
				CB215EE8203BA587003C4A3C /* Comic.swift in Sources */,
				CB215EE2203BA21F003C4A3C /* SuperHeroMock.swift in Sources */,
				CB215EE6203BA580003C4A3C /* Story.swift in Sources */,
			);
			runOnlyForDeploymentPostprocessing = 0;
		};
		CBA742F7202F13FC000C4F61 /* Sources */ = {
			isa = PBXSourcesBuildPhase;
			buildActionMask = 2147483647;
			files = (
				CBA74300202F13FC000C4F61 /* MarvelUITests.swift in Sources */,
			);
			runOnlyForDeploymentPostprocessing = 0;
		};
/* End PBXSourcesBuildPhase section */

/* Begin PBXTargetDependency section */
		CBA742F2202F13FC000C4F61 /* PBXTargetDependency */ = {
			isa = PBXTargetDependency;
			target = CBA742DB202F13FC000C4F61 /* Marvel */;
			targetProxy = CBA742F1202F13FC000C4F61 /* PBXContainerItemProxy */;
		};
		CBA742FD202F13FC000C4F61 /* PBXTargetDependency */ = {
			isa = PBXTargetDependency;
			target = CBA742DB202F13FC000C4F61 /* Marvel */;
			targetProxy = CBA742FC202F13FC000C4F61 /* PBXContainerItemProxy */;
		};
/* End PBXTargetDependency section */

/* Begin PBXVariantGroup section */
		CBA742E8202F13FC000C4F61 /* LaunchScreen.storyboard */ = {
			isa = PBXVariantGroup;
			children = (
				CBA742E9202F13FC000C4F61 /* Base */,
			);
			name = LaunchScreen.storyboard;
			sourceTree = "<group>";
		};
/* End PBXVariantGroup section */

/* Begin XCBuildConfiguration section */
		CBA74302202F13FC000C4F61 /* Debug */ = {
			isa = XCBuildConfiguration;
			buildSettings = {
				ALWAYS_SEARCH_USER_PATHS = NO;
				CLANG_ANALYZER_NONNULL = YES;
				CLANG_ANALYZER_NUMBER_OBJECT_CONVERSION = YES_AGGRESSIVE;
				CLANG_CXX_LANGUAGE_STANDARD = "gnu++14";
				CLANG_CXX_LIBRARY = "libc++";
				CLANG_ENABLE_MODULES = YES;
				CLANG_ENABLE_OBJC_ARC = YES;
				CLANG_WARN_BLOCK_CAPTURE_AUTORELEASING = YES;
				CLANG_WARN_BOOL_CONVERSION = YES;
				CLANG_WARN_COMMA = YES;
				CLANG_WARN_CONSTANT_CONVERSION = YES;
				CLANG_WARN_DIRECT_OBJC_ISA_USAGE = YES_ERROR;
				CLANG_WARN_DOCUMENTATION_COMMENTS = YES;
				CLANG_WARN_EMPTY_BODY = YES;
				CLANG_WARN_ENUM_CONVERSION = YES;
				CLANG_WARN_INFINITE_RECURSION = YES;
				CLANG_WARN_INT_CONVERSION = YES;
				CLANG_WARN_NON_LITERAL_NULL_CONVERSION = YES;
				CLANG_WARN_OBJC_LITERAL_CONVERSION = YES;
				CLANG_WARN_OBJC_ROOT_CLASS = YES_ERROR;
				CLANG_WARN_RANGE_LOOP_ANALYSIS = YES;
				CLANG_WARN_STRICT_PROTOTYPES = YES;
				CLANG_WARN_SUSPICIOUS_MOVE = YES;
				CLANG_WARN_UNGUARDED_AVAILABILITY = YES_AGGRESSIVE;
				CLANG_WARN_UNREACHABLE_CODE = YES;
				CLANG_WARN__DUPLICATE_METHOD_MATCH = YES;
				CODE_SIGN_IDENTITY = "iPhone Developer";
				COPY_PHASE_STRIP = NO;
				DEBUG_INFORMATION_FORMAT = dwarf;
				ENABLE_STRICT_OBJC_MSGSEND = YES;
				ENABLE_TESTABILITY = YES;
				GCC_C_LANGUAGE_STANDARD = gnu11;
				GCC_DYNAMIC_NO_PIC = NO;
				GCC_NO_COMMON_BLOCKS = YES;
				GCC_OPTIMIZATION_LEVEL = 0;
				GCC_PREPROCESSOR_DEFINITIONS = (
					"DEBUG=1",
					"$(inherited)",
				);
				GCC_WARN_64_TO_32_BIT_CONVERSION = YES;
				GCC_WARN_ABOUT_RETURN_TYPE = YES_ERROR;
				GCC_WARN_UNDECLARED_SELECTOR = YES;
				GCC_WARN_UNINITIALIZED_AUTOS = YES_AGGRESSIVE;
				GCC_WARN_UNUSED_FUNCTION = YES;
				GCC_WARN_UNUSED_VARIABLE = YES;
				IPHONEOS_DEPLOYMENT_TARGET = 11.2;
				MTL_ENABLE_DEBUG_INFO = YES;
				ONLY_ACTIVE_ARCH = YES;
				SDKROOT = iphoneos;
				SWIFT_ACTIVE_COMPILATION_CONDITIONS = DEBUG;
				SWIFT_OPTIMIZATION_LEVEL = "-Onone";
			};
			name = Debug;
		};
		CBA74303202F13FC000C4F61 /* Release */ = {
			isa = XCBuildConfiguration;
			buildSettings = {
				ALWAYS_SEARCH_USER_PATHS = NO;
				CLANG_ANALYZER_NONNULL = YES;
				CLANG_ANALYZER_NUMBER_OBJECT_CONVERSION = YES_AGGRESSIVE;
				CLANG_CXX_LANGUAGE_STANDARD = "gnu++14";
				CLANG_CXX_LIBRARY = "libc++";
				CLANG_ENABLE_MODULES = YES;
				CLANG_ENABLE_OBJC_ARC = YES;
				CLANG_WARN_BLOCK_CAPTURE_AUTORELEASING = YES;
				CLANG_WARN_BOOL_CONVERSION = YES;
				CLANG_WARN_COMMA = YES;
				CLANG_WARN_CONSTANT_CONVERSION = YES;
				CLANG_WARN_DIRECT_OBJC_ISA_USAGE = YES_ERROR;
				CLANG_WARN_DOCUMENTATION_COMMENTS = YES;
				CLANG_WARN_EMPTY_BODY = YES;
				CLANG_WARN_ENUM_CONVERSION = YES;
				CLANG_WARN_INFINITE_RECURSION = YES;
				CLANG_WARN_INT_CONVERSION = YES;
				CLANG_WARN_NON_LITERAL_NULL_CONVERSION = YES;
				CLANG_WARN_OBJC_LITERAL_CONVERSION = YES;
				CLANG_WARN_OBJC_ROOT_CLASS = YES_ERROR;
				CLANG_WARN_RANGE_LOOP_ANALYSIS = YES;
				CLANG_WARN_STRICT_PROTOTYPES = YES;
				CLANG_WARN_SUSPICIOUS_MOVE = YES;
				CLANG_WARN_UNGUARDED_AVAILABILITY = YES_AGGRESSIVE;
				CLANG_WARN_UNREACHABLE_CODE = YES;
				CLANG_WARN__DUPLICATE_METHOD_MATCH = YES;
				CODE_SIGN_IDENTITY = "iPhone Developer";
				COPY_PHASE_STRIP = NO;
				DEBUG_INFORMATION_FORMAT = "dwarf-with-dsym";
				ENABLE_NS_ASSERTIONS = NO;
				ENABLE_STRICT_OBJC_MSGSEND = YES;
				GCC_C_LANGUAGE_STANDARD = gnu11;
				GCC_NO_COMMON_BLOCKS = YES;
				GCC_WARN_64_TO_32_BIT_CONVERSION = YES;
				GCC_WARN_ABOUT_RETURN_TYPE = YES_ERROR;
				GCC_WARN_UNDECLARED_SELECTOR = YES;
				GCC_WARN_UNINITIALIZED_AUTOS = YES_AGGRESSIVE;
				GCC_WARN_UNUSED_FUNCTION = YES;
				GCC_WARN_UNUSED_VARIABLE = YES;
				IPHONEOS_DEPLOYMENT_TARGET = 11.2;
				MTL_ENABLE_DEBUG_INFO = NO;
				SDKROOT = iphoneos;
				SWIFT_OPTIMIZATION_LEVEL = "-Owholemodule";
				VALIDATE_PRODUCT = YES;
			};
			name = Release;
		};
		CBA74305202F13FC000C4F61 /* Debug */ = {
			isa = XCBuildConfiguration;
			buildSettings = {
				ASSETCATALOG_COMPILER_APPICON_NAME = AppIcon;
				CODE_SIGN_STYLE = Automatic;
				DEVELOPMENT_TEAM = 8VL784B7KU;
				INFOPLIST_FILE = Marvel/Info.plist;
				LD_RUNPATH_SEARCH_PATHS = "$(inherited) @executable_path/Frameworks";
				PRODUCT_BUNDLE_IDENTIFIER = com.thtg.Marvel;
				PRODUCT_NAME = "$(TARGET_NAME)";
				SWIFT_OBJC_BRIDGING_HEADER = "/Users/thales.garcia/Projects/Personal/MarvelApp/Marvel/Marvel/Marvel-Bridging-Header.h";
				SWIFT_VERSION = 4.0;
				TARGETED_DEVICE_FAMILY = "1,2";
			};
			name = Debug;
		};
		CBA74306202F13FC000C4F61 /* Release */ = {
			isa = XCBuildConfiguration;
			buildSettings = {
				ASSETCATALOG_COMPILER_APPICON_NAME = AppIcon;
				CODE_SIGN_STYLE = Automatic;
				DEVELOPMENT_TEAM = 8VL784B7KU;
				INFOPLIST_FILE = Marvel/Info.plist;
				LD_RUNPATH_SEARCH_PATHS = "$(inherited) @executable_path/Frameworks";
				PRODUCT_BUNDLE_IDENTIFIER = com.thtg.Marvel;
				PRODUCT_NAME = "$(TARGET_NAME)";
				SWIFT_OBJC_BRIDGING_HEADER = "/Users/thales.garcia/Projects/Personal/MarvelApp/Marvel/Marvel/Marvel-Bridging-Header.h";
				SWIFT_VERSION = 4.0;
				TARGETED_DEVICE_FAMILY = "1,2";
			};
			name = Release;
		};
		CBA74308202F13FC000C4F61 /* Debug */ = {
			isa = XCBuildConfiguration;
			buildSettings = {
				ALWAYS_EMBED_SWIFT_STANDARD_LIBRARIES = YES;
				BUNDLE_LOADER = "$(TEST_HOST)";
				CODE_SIGN_STYLE = Automatic;
				DEVELOPMENT_TEAM = 8VL784B7KU;
				INFOPLIST_FILE = MarvelTests/Info.plist;
				LD_RUNPATH_SEARCH_PATHS = "$(inherited) @executable_path/Frameworks @loader_path/Frameworks";
				PRODUCT_BUNDLE_IDENTIFIER = com.thtg.MarvelTests;
				PRODUCT_NAME = "$(TARGET_NAME)";
				SWIFT_VERSION = 4.0;
				TARGETED_DEVICE_FAMILY = "1,2";
				TEST_HOST = "$(BUILT_PRODUCTS_DIR)/Marvel.app/Marvel";
			};
			name = Debug;
		};
		CBA74309202F13FC000C4F61 /* Release */ = {
			isa = XCBuildConfiguration;
			buildSettings = {
				ALWAYS_EMBED_SWIFT_STANDARD_LIBRARIES = YES;
				BUNDLE_LOADER = "$(TEST_HOST)";
				CODE_SIGN_STYLE = Automatic;
				DEVELOPMENT_TEAM = 8VL784B7KU;
				INFOPLIST_FILE = MarvelTests/Info.plist;
				LD_RUNPATH_SEARCH_PATHS = "$(inherited) @executable_path/Frameworks @loader_path/Frameworks";
				PRODUCT_BUNDLE_IDENTIFIER = com.thtg.MarvelTests;
				PRODUCT_NAME = "$(TARGET_NAME)";
				SWIFT_VERSION = 4.0;
				TARGETED_DEVICE_FAMILY = "1,2";
				TEST_HOST = "$(BUILT_PRODUCTS_DIR)/Marvel.app/Marvel";
			};
			name = Release;
		};
		CBA7430B202F13FC000C4F61 /* Debug */ = {
			isa = XCBuildConfiguration;
			buildSettings = {
				ALWAYS_EMBED_SWIFT_STANDARD_LIBRARIES = YES;
				CODE_SIGN_STYLE = Automatic;
				DEVELOPMENT_TEAM = 8VL784B7KU;
				INFOPLIST_FILE = MarvelUITests/Info.plist;
				LD_RUNPATH_SEARCH_PATHS = "$(inherited) @executable_path/Frameworks @loader_path/Frameworks";
				PRODUCT_BUNDLE_IDENTIFIER = com.thtg.MarvelUITests;
				PRODUCT_NAME = "$(TARGET_NAME)";
				SWIFT_VERSION = 4.0;
				TARGETED_DEVICE_FAMILY = "1,2";
				TEST_TARGET_NAME = Marvel;
			};
			name = Debug;
		};
		CBA7430C202F13FC000C4F61 /* Release */ = {
			isa = XCBuildConfiguration;
			buildSettings = {
				ALWAYS_EMBED_SWIFT_STANDARD_LIBRARIES = YES;
				CODE_SIGN_STYLE = Automatic;
				DEVELOPMENT_TEAM = 8VL784B7KU;
				INFOPLIST_FILE = MarvelUITests/Info.plist;
				LD_RUNPATH_SEARCH_PATHS = "$(inherited) @executable_path/Frameworks @loader_path/Frameworks";
				PRODUCT_BUNDLE_IDENTIFIER = com.thtg.MarvelUITests;
				PRODUCT_NAME = "$(TARGET_NAME)";
				SWIFT_VERSION = 4.0;
				TARGETED_DEVICE_FAMILY = "1,2";
				TEST_TARGET_NAME = Marvel;
			};
			name = Release;
		};
/* End XCBuildConfiguration section */

/* Begin XCConfigurationList section */
		CBA742D7202F13FC000C4F61 /* Build configuration list for PBXProject "Marvel" */ = {
			isa = XCConfigurationList;
			buildConfigurations = (
				CBA74302202F13FC000C4F61 /* Debug */,
				CBA74303202F13FC000C4F61 /* Release */,
			);
			defaultConfigurationIsVisible = 0;
			defaultConfigurationName = Release;
		};
		CBA74304202F13FC000C4F61 /* Build configuration list for PBXNativeTarget "Marvel" */ = {
			isa = XCConfigurationList;
			buildConfigurations = (
				CBA74305202F13FC000C4F61 /* Debug */,
				CBA74306202F13FC000C4F61 /* Release */,
			);
			defaultConfigurationIsVisible = 0;
			defaultConfigurationName = Release;
		};
		CBA74307202F13FC000C4F61 /* Build configuration list for PBXNativeTarget "MarvelTests" */ = {
			isa = XCConfigurationList;
			buildConfigurations = (
				CBA74308202F13FC000C4F61 /* Debug */,
				CBA74309202F13FC000C4F61 /* Release */,
			);
			defaultConfigurationIsVisible = 0;
			defaultConfigurationName = Release;
		};
		CBA7430A202F13FC000C4F61 /* Build configuration list for PBXNativeTarget "MarvelUITests" */ = {
			isa = XCConfigurationList;
			buildConfigurations = (
				CBA7430B202F13FC000C4F61 /* Debug */,
				CBA7430C202F13FC000C4F61 /* Release */,
			);
			defaultConfigurationIsVisible = 0;
			defaultConfigurationName = Release;
		};
/* End XCConfigurationList section */
	};
	rootObject = CBA742D4202F13FC000C4F61 /* Project object */;
}
